
Microsoft Visual Studio Solution File, Format Version 12.00
# Visual Studio Version 16
VisualStudioVersion = 16.0.31025.194
MinimumVisualStudioVersion = 10.0.40219.1
Project("{FAE04EC0-301F-11D3-BF4B-00C04F79EFBC}") = "RentalKendaraan", "RentalKendaraan\RentalKendaraan.csproj", "{4B7D94F3-C08E-43F6-AE5E-F2D3A4E1AB50}"
EndProject
Global
	GlobalSection(SolutionConfigurationPlatforms) = preSolution
		Debug|Any CPU = Debug|Any CPU
		Release|Any CPU = Release|Any CPU
	EndGlobalSection
	GlobalSection(ProjectConfigurationPlatforms) = postSolution
		{4B7D94F3-C08E-43F6-AE5E-F2D3A4E1AB50}.Debug|Any CPU.ActiveCfg = Debug|Any CPU
		{4B7D94F3-C08E-43F6-AE5E-F2D3A4E1AB50}.Debug|Any CPU.Build.0 = Debug|Any CPU
		{4B7D94F3-C08E-43F6-AE5E-F2D3A4E1AB50}.Release|Any CPU.ActiveCfg = Release|Any CPU
		{4B7D94F3-C08E-43F6-AE5E-F2D3A4E1AB50}.Release|Any CPU.Build.0 = Release|Any CPU
	EndGlobalSection
	GlobalSection(SolutionProperties) = preSolution
		HideSolutionNode = FALSE
	EndGlobalSection
	GlobalSection(ExtensibilityGlobals) = postSolution
		SolutionGuid = {1B7D340E-4134-44EC-BE0B-C7D46DA84968}
	EndGlobalSection
EndGlobal
